# This file is automatically @generated by Cargo.
# It is not intended for manual editing.
version = 3

[[package]]
name = "adapters"
version = "0.1.0"

[[package]]
name = "audit-log"
version = "0.1.0"

[[package]]
name = "consent-gateway"
version = "0.1.0"

[[package]]
name = "fhir-types"
version = "0.1.0"

[[package]]
name = "mcp-server"
version = "0.1.0"

[[package]]
name = "myhealth"
version = "0.1.0"

[[package]]
name = "store"
version = "0.1.0"
